
Microsoft Visual Studio Solution File, Format Version 12.00
# Visual Studio Version 16
VisualStudioVersion = 16.0.31702.278
MinimumVisualStudioVersion = 10.0.40219.1
Project("{9A19103F-16F7-4668-BE54-9A1E7A4F7556}") = "CSharp Basics", "CSharp Exercises\CSharp Basics.csproj", "{8C3CB8BE-6E52-4902-A715-2C1DD2305164}"
EndProject
Project("{9A19103F-16F7-4668-BE54-9A1E7A4F7556}") = "Calculator", "Calculator\Calculator.csproj", "{48F2423F-2F3B-4B7D-8E3C-C12CA623A70E}"
EndProject
Project("{9A19103F-16F7-4668-BE54-9A1E7A4F7556}") = "BookShelf", "BookShelf\BookShelf.csproj", "{31470C3F-F21B-4FCC-9729-682DC8237855}"
EndProject
Project("{FAE04EC0-301F-11D3-BF4B-00C04F79EFBC}") = "Pesel", "Pesel\Pesel.csproj", "{53DB5667-0D0C-4A74-98DE-6ADF14FC9BEE}"
EndProject
Global
	GlobalSection(SolutionConfigurationPlatforms) = preSolution
		Debug|Any CPU = Debug|Any CPU
		Release|Any CPU = Release|Any CPU
	EndGlobalSection
	GlobalSection(ProjectConfigurationPlatforms) = postSolution
		{8C3CB8BE-6E52-4902-A715-2C1DD2305164}.Debug|Any CPU.ActiveCfg = Debug|Any CPU
		{8C3CB8BE-6E52-4902-A715-2C1DD2305164}.Debug|Any CPU.Build.0 = Debug|Any CPU
		{8C3CB8BE-6E52-4902-A715-2C1DD2305164}.Release|Any CPU.ActiveCfg = Release|Any CPU
		{8C3CB8BE-6E52-4902-A715-2C1DD2305164}.Release|Any CPU.Build.0 = Release|Any CPU
		{48F2423F-2F3B-4B7D-8E3C-C12CA623A70E}.Debug|Any CPU.ActiveCfg = Debug|Any CPU
		{48F2423F-2F3B-4B7D-8E3C-C12CA623A70E}.Debug|Any CPU.Build.0 = Debug|Any CPU
		{48F2423F-2F3B-4B7D-8E3C-C12CA623A70E}.Release|Any CPU.ActiveCfg = Release|Any CPU
		{48F2423F-2F3B-4B7D-8E3C-C12CA623A70E}.Release|Any CPU.Build.0 = Release|Any CPU
		{31470C3F-F21B-4FCC-9729-682DC8237855}.Debug|Any CPU.ActiveCfg = Debug|Any CPU
		{31470C3F-F21B-4FCC-9729-682DC8237855}.Debug|Any CPU.Build.0 = Debug|Any CPU
		{31470C3F-F21B-4FCC-9729-682DC8237855}.Release|Any CPU.ActiveCfg = Release|Any CPU
		{31470C3F-F21B-4FCC-9729-682DC8237855}.Release|Any CPU.Build.0 = Release|Any CPU
		{53DB5667-0D0C-4A74-98DE-6ADF14FC9BEE}.Debug|Any CPU.ActiveCfg = Debug|Any CPU
		{53DB5667-0D0C-4A74-98DE-6ADF14FC9BEE}.Debug|Any CPU.Build.0 = Debug|Any CPU
		{53DB5667-0D0C-4A74-98DE-6ADF14FC9BEE}.Release|Any CPU.ActiveCfg = Release|Any CPU
		{53DB5667-0D0C-4A74-98DE-6ADF14FC9BEE}.Release|Any CPU.Build.0 = Release|Any CPU
	EndGlobalSection
	GlobalSection(SolutionProperties) = preSolution
		HideSolutionNode = FALSE
	EndGlobalSection
	GlobalSection(ExtensibilityGlobals) = postSolution
		SolutionGuid = {C88EE1B2-5AC9-4209-96DB-374026628498}
	EndGlobalSection
EndGlobal
